
Microsoft Visual Studio Solution File, Format Version 12.00
# Visual Studio Version 17
VisualStudioVersion = 17.5.33530.505
MinimumVisualStudioVersion = 10.0.40219.1
Project("{FAE04EC0-301F-11D3-BF4B-00C04F79EFBC}") = "RestaurantApp.APIs", "RestaurantApp\RestaurantApp.APIs.csproj", "{1C1218E8-8F1B-49F9-9779-B1A952084147}"
EndProject
Project("{FAE04EC0-301F-11D3-BF4B-00C04F79EFBC}") = "RestaurantApp.BL", "RestaurantApp.BL\RestaurantApp.BL.csproj", "{1ABDB85A-ACC0-4806-8A73-2D80483F4F0A}"
EndProject
Project("{FAE04EC0-301F-11D3-BF4B-00C04F79EFBC}") = "RestaurantApp.DAL", "RestaurantApp.DAL\RestaurantApp.DAL.csproj", "{A81B3795-CEEC-402E-B6A5-0A6F34DE177D}"
EndProject
Global
	GlobalSection(SolutionConfigurationPlatforms) = preSolution
		Debug|Any CPU = Debug|Any CPU
		Release|Any CPU = Release|Any CPU
	EndGlobalSection
	GlobalSection(ProjectConfigurationPlatforms) = postSolution
		{1C1218E8-8F1B-49F9-9779-B1A952084147}.Debug|Any CPU.ActiveCfg = Debug|Any CPU
		{1C1218E8-8F1B-49F9-9779-B1A952084147}.Debug|Any CPU.Build.0 = Debug|Any CPU
		{1C1218E8-8F1B-49F9-9779-B1A952084147}.Release|Any CPU.ActiveCfg = Release|Any CPU
		{1C1218E8-8F1B-49F9-9779-B1A952084147}.Release|Any CPU.Build.0 = Release|Any CPU
		{1ABDB85A-ACC0-4806-8A73-2D80483F4F0A}.Debug|Any CPU.ActiveCfg = Debug|Any CPU
		{1ABDB85A-ACC0-4806-8A73-2D80483F4F0A}.Debug|Any CPU.Build.0 = Debug|Any CPU
		{1ABDB85A-ACC0-4806-8A73-2D80483F4F0A}.Release|Any CPU.ActiveCfg = Release|Any CPU
		{1ABDB85A-ACC0-4806-8A73-2D80483F4F0A}.Release|Any CPU.Build.0 = Release|Any CPU
		{A81B3795-CEEC-402E-B6A5-0A6F34DE177D}.Debug|Any CPU.ActiveCfg = Debug|Any CPU
		{A81B3795-CEEC-402E-B6A5-0A6F34DE177D}.Debug|Any CPU.Build.0 = Debug|Any CPU
		{A81B3795-CEEC-402E-B6A5-0A6F34DE177D}.Release|Any CPU.ActiveCfg = Release|Any CPU
		{A81B3795-CEEC-402E-B6A5-0A6F34DE177D}.Release|Any CPU.Build.0 = Release|Any CPU
	EndGlobalSection
	GlobalSection(SolutionProperties) = preSolution
		HideSolutionNode = FALSE
	EndGlobalSection
	GlobalSection(ExtensibilityGlobals) = postSolution
		SolutionGuid = {CE0D2E6D-FAA2-430A-8A66-9E701DCC0750}
	EndGlobalSection
EndGlobal
